
Microsoft Visual Studio Solution File, Format Version 12.00
# Visual Studio 15
VisualStudioVersion = 15.0.28307.645
MinimumVisualStudioVersion = 10.0.40219.1
Project("{8BC9CEB8-8B4A-11D0-8D11-00A0C91BC942}") = "VULKAN3", "VULKAN3.vcxproj", "{726A6388-5E41-4E46-92CD-92604663D859}"
EndProject
Global
	GlobalSection(SolutionConfigurationPlatforms) = preSolution
		Debug|x64 = Debug|x64
		Debug|x86 = Debug|x86
		Release|x64 = Release|x64
		Release|x86 = Release|x86
	EndGlobalSection
	GlobalSection(ProjectConfigurationPlatforms) = postSolution
		{726A6388-5E41-4E46-92CD-92604663D859}.Debug|x64.ActiveCfg = Debug|x64
		{726A6388-5E41-4E46-92CD-92604663D859}.Debug|x64.Build.0 = Debug|x64
		{726A6388-5E41-4E46-92CD-92604663D859}.Debug|x86.ActiveCfg = Debug|Win32
		{726A6388-5E41-4E46-92CD-92604663D859}.Debug|x86.Build.0 = Debug|Win32
		{726A6388-5E41-4E46-92CD-92604663D859}.Release|x64.ActiveCfg = Release|x64
		{726A6388-5E41-4E46-92CD-92604663D859}.Release|x64.Build.0 = Release|x64
		{726A6388-5E41-4E46-92CD-92604663D859}.Release|x86.ActiveCfg = Release|Win32
		{726A6388-5E41-4E46-92CD-92604663D859}.Release|x86.Build.0 = Release|Win32
	EndGlobalSection
	GlobalSection(SolutionProperties) = preSolution
		HideSolutionNode = FALSE
	EndGlobalSection
	GlobalSection(ExtensibilityGlobals) = postSolution
		SolutionGuid = {1DA10455-6B00-490A-8EA3-AE9EEB49952B}
	EndGlobalSection
EndGlobal
